# THIS IS AN AUTOGENERATED FILE. DO NOT EDIT THIS FILE DIRECTLY.
# yarn lockfile v1


"@ant-design/colors@^6.0.0":
  "integrity" "sha512-qAZRvPzfdWHtfameEGP2Qvuf838NhergR35o+EuVyB5XvSA98xod5r4utvi4TJ3ywmevm290g9nsCG5MryrdWQ=="
  "resolved" "https://zhcoder-npm.pkg.coding.net/coder/npm-pub/@ant-design/colors/-/@ant-design/colors-6.0.0/9b9366257cffcc47db42b9d0203bb592c13c0298.tgz"
  "version" "6.0.0"
  dependencies:
    "@ctrl/tinycolor" "^3.4.0"

"@ant-design/icons-svg@^4.2.1":
  "integrity" "sha512-EB0iwlKDGpG93hW8f85CTJTs4SvMX7tt5ceupvhALp1IF44SeUFOMhKUOYqpsoYWQKAOuTRDMqn75rEaKDp0Xw=="
  "resolved" "https://zhcoder-npm.pkg.coding.net/coder/npm-pub/@ant-design/icons-svg/-/@ant-design/icons-svg-4.2.1/8630da8eb4471a4aabdaed7d1ff6a97dcb2cf05a.tgz"
  "version" "4.2.1"

"@ant-design/icons-vue@^6.0.0", "@ant-design/icons-vue@^6.1.0":
  "integrity" "sha512-EX6bYm56V+ZrKN7+3MT/ubDkvJ5rK/O2t380WFRflDcVFgsvl3NLH7Wxeau6R8DbrO5jWR6DSTC3B6gYFp77AA=="
  "resolved" "https://zhcoder-npm.pkg.coding.net/coder/npm-pub/@ant-design/icons-vue/-/@ant-design/icons-vue-6.1.0/f9324fdc0eb4cea943cf626d2bf3db9a4ff4c074.tgz"
  "version" "6.1.0"
  dependencies:
    "@ant-design/colors" "^6.0.0"
    "@ant-design/icons-svg" "^4.2.1"

"@babel/parser@^7.16.4":
  "integrity" "sha512-dgXcIfMuQ0kgzLB2b9tRZs7TTFFaGM2AbtA4fJgUUYukzGH4jwsS7hzQHEGs67jdehpm22vkgKwvbU+aEflgwg=="
  "resolved" "https://zhcoder-npm.pkg.coding.net/coder/npm-pub/__tarballs/@babel/parser/7.18.13/__path/@babel/parser/-/parser-7.18.13/5b2dd21cae4a2c5145f1fbd8ca103f9313d3b7e4.tgz"
  "version" "7.18.13"

"@babel/runtime@^7.10.5":
  "integrity" "sha512-lkqXDcvlFT5rvEjiu6+QYO+1GXrEHRo2LOtS7E4GtX5ESIZOgepqsZBVIj6Pv+a6zqsya9VCgiK1KAK4BvJDAw=="
  "resolved" "https://zhcoder-npm.pkg.coding.net/coder/npm-pub/@babel/runtime/-/@babel/runtime-7.18.9/b4fcfce55db3d2e5e080d2490f608a3b9f407f4a.tgz"
  "version" "7.18.9"
  dependencies:
    "regenerator-runtime" "^0.13.4"

"@ctrl/tinycolor@^3.4.0":
  "integrity" "sha512-ej5oVy6lykXsvieQtqZxCOaLT+xD4+QNarq78cIYISHmZXshCvROLudpQN3lfL8G0NL7plMSSK+zlyvCaIJ4Iw=="
  "resolved" "https://zhcoder-npm.pkg.coding.net/coder/npm-pub/@ctrl/tinycolor/-/@ctrl/tinycolor-3.4.1/75b4c27948c81e88ccd3a8902047bcd797f38d32.tgz"
  "version" "3.4.1"

"@simonwep/pickr@~1.8.0":
  "integrity" "sha512-/l5w8BIkrpP6n1xsetx9MWPWlU6OblN5YgZZphxan0Tq4BByTCETL6lyIeY8lagalS2Nbt4F2W034KHLIiunKA=="
  "resolved" "https://zhcoder-npm.pkg.coding.net/coder/npm-pub/@simonwep/pickr/-/@simonwep/pickr-1.8.2/96dc86675940d7cad63d69c22083dd1cbb9797cb.tgz"
  "version" "1.8.2"
  dependencies:
    "core-js" "^3.15.1"
    "nanopop" "^2.1.0"

"@types/crypto-js@^4.1.1":
  "integrity" "sha512-BG7fQKZ689HIoc5h+6D2Dgq1fABRa0RbBWKBd9SP/MVRVXROflpm5fhwyATX5duFmbStzyzyycPB8qUYKDH3NA=="
  "resolved" "https://zhcoder-npm.pkg.coding.net/coder/npm-pub/@types/crypto-js/-/@types/crypto-js-4.1.1/602859584cecc91894eb23a4892f38cfa927890d.tgz"
  "version" "4.1.1"

"@vitejs/plugin-vue@^3.0.3":
  "integrity" "sha512-U4zNBlz9mg+TA+i+5QPc3N5lQvdUXENZLO2h0Wdzp56gI1MWhqJOv+6R+d4kOzoaSSq6TnGPBdZAXKOe4lXy6g=="
  "resolved" "https://zhcoder-npm.pkg.coding.net/coder/npm-pub/__tarballs/@vitejs/plugin-vue/3.0.3/__path/@vitejs/plugin-vue/-/plugin-vue-3.0.3/7e3e401ccb30b4380d2279d9849281413f1791ef.tgz"
  "version" "3.0.3"

"@volar/code-gen@0.39.5":
  "integrity" "sha512-vQr5VoCH8T2NHmqLc/AA1/4F8l41WB+24+I+VjxBaev/Hmwjye9K0GlmMHAOl84WB3hWGOqpHaPX6JkqzRNjJg=="
  "resolved" "https://zhcoder-npm.pkg.coding.net/coder/npm-pub/__tarballs/@volar/code-gen/0.39.5/__path/@volar/code-gen/-/code-gen-0.39.5/971aad44cf9cfaf047c39dbc495ac061c66989da.tgz"
  "version" "0.39.5"
  dependencies:
    "@volar/source-map" "0.39.5"

"@volar/source-map@0.39.5":
  "integrity" "sha512-IVOX+v++Sr5Kok4/cLbDJp2vf1ia1rChpV7adgcnMle6uORBuGFEur234UzamK0iHRCcfFFRz7z+hSPf2CO23Q=="
  "resolved" "https://zhcoder-npm.pkg.coding.net/coder/npm-pub/__tarballs/@volar/source-map/0.39.5/__path/@volar/source-map/-/source-map-0.39.5/0ee7308f718bc0fb280c22f3252968d04750fac6.tgz"
  "version" "0.39.5"

"@volar/typescript-faster@0.39.5":
  "integrity" "sha512-IzLqlxefmKkjNKXC/8aFiqPcTqnj6RG31D2f9cIWxmW9pvUYJxLED+y9phnOxNxq0OmeRtQ3Pfmvu85tUBoZsQ=="
  "resolved" "https://zhcoder-npm.pkg.coding.net/coder/npm-pub/__tarballs/@volar/typescript-faster/0.39.5/__path/@volar/typescript-faster/-/typescript-faster-0.39.5/433b1d8caa981f6e5ff1ccc6fde4a1bdb9b25db8.tgz"
  "version" "0.39.5"
  dependencies:
    "semver" "^7.3.7"

"@volar/vue-code-gen@0.39.5":
  "integrity" "sha512-y+QUV9MuuasiIuRoGKQl+gMhDaAX6XNhckAyJCvD1FZ8f2eJuPY2VtoFxmu/Z2bGWBdtUW/g98jaeKJ+j3wwOw=="
  "resolved" "https://zhcoder-npm.pkg.coding.net/coder/npm-pub/__tarballs/@volar/vue-code-gen/0.39.5/__path/@volar/vue-code-gen/-/vue-code-gen-0.39.5/b16e52de668bd465e3b74a5785dda712979a1bcc.tgz"
  "version" "0.39.5"
  dependencies:
    "@volar/code-gen" "0.39.5"
    "@volar/source-map" "0.39.5"
    "@vue/compiler-core" "^3.2.37"
    "@vue/compiler-dom" "^3.2.37"
    "@vue/shared" "^3.2.37"

"@volar/vue-language-core@0.39.5":
  "integrity" "sha512-m+e1tYuL/WRPhSeC7hZ0NuSwHsfnnGJVxCBHLaP7jR0f6xcC0DAegP3QF+gfu9ZJFPGznpZYFKadngMjuhQS9Q=="
  "resolved" "https://zhcoder-npm.pkg.coding.net/coder/npm-pub/__tarballs/@volar/vue-language-core/0.39.5/__path/@volar/vue-language-core/-/vue-language-core-0.39.5/9f4d83c452f6d5a1a67b3cf2e95e0b456e86549c.tgz"
  "version" "0.39.5"
  dependencies:
    "@volar/code-gen" "0.39.5"
    "@volar/source-map" "0.39.5"
    "@volar/vue-code-gen" "0.39.5"
    "@vue/compiler-sfc" "^3.2.37"
    "@vue/reactivity" "^3.2.37"

"@volar/vue-typescript@0.39.5":
  "integrity" "sha512-ckhWD1xOi0OMr702XVkv/Npsb9FKAp5gvhxyLv0QqWekPdSo04t4KrZfwosJLGERIEcyr50SuB7HqBp8ndQmzA=="
  "resolved" "https://zhcoder-npm.pkg.coding.net/coder/npm-pub/__tarballs/@volar/vue-typescript/0.39.5/__path/@volar/vue-typescript/-/vue-typescript-0.39.5/3c57befd4c996fef8df70d171ba531871f215535.tgz"
  "version" "0.39.5"
  dependencies:
    "@volar/code-gen" "0.39.5"
    "@volar/typescript-faster" "0.39.5"
    "@volar/vue-language-core" "0.39.5"

"@vue/compiler-core@^3.2.37", "@vue/compiler-core@3.2.38":
  "integrity" "sha512-/FsvnSu7Z+lkd/8KXMa4yYNUiqQrI22135gfsQYVGuh5tqEgOB0XqrUdb/KnCLa5+TmQLPwvyUnKMyCpu+SX3Q=="
  "resolved" "https://zhcoder-npm.pkg.coding.net/coder/npm-pub/__tarballs/@vue/compiler-core/3.2.38/__path/@vue/compiler-core/-/compiler-core-3.2.38/0a2a7bffd2280ac19a96baf5301838a2cf1964d7.tgz"
  "version" "3.2.38"
  dependencies:
    "@babel/parser" "^7.16.4"
    "@vue/shared" "3.2.38"
    "estree-walker" "^2.0.2"
    "source-map" "^0.6.1"

"@vue/compiler-dom@^3.2.37", "@vue/compiler-dom@3.2.38":
  "integrity" "sha512-zqX4FgUbw56kzHlgYuEEJR8mefFiiyR3u96498+zWPsLeh1WKvgIReoNE+U7gG8bCUdvsrJ0JRmev0Ky6n2O0g=="
  "resolved" "https://zhcoder-npm.pkg.coding.net/coder/npm-pub/__tarballs/@vue/compiler-dom/3.2.38/__path/@vue/compiler-dom/-/compiler-dom-3.2.38/53d04ed0c0c62d1ef259bf82f9b28100a880b6fd.tgz"
  "version" "3.2.38"
  dependencies:
    "@vue/compiler-core" "3.2.38"
    "@vue/shared" "3.2.38"

"@vue/compiler-sfc@^3.2.37", "@vue/compiler-sfc@>=3.1.0", "@vue/compiler-sfc@3.2.38":
  "integrity" "sha512-KZjrW32KloMYtTcHAFuw3CqsyWc5X6seb8KbkANSWt3Cz9p2qA8c1GJpSkksFP9ABb6an0FLCFl46ZFXx3kKpg=="
  "resolved" "https://zhcoder-npm.pkg.coding.net/coder/npm-pub/__tarballs/@vue/compiler-sfc/3.2.38/__path/@vue/compiler-sfc/-/compiler-sfc-3.2.38/9e763019471a535eb1fceeaac9d4d18a83f0940f.tgz"
  "version" "3.2.38"
  dependencies:
    "@babel/parser" "^7.16.4"
    "@vue/compiler-core" "3.2.38"
    "@vue/compiler-dom" "3.2.38"
    "@vue/compiler-ssr" "3.2.38"
    "@vue/reactivity-transform" "3.2.38"
    "@vue/shared" "3.2.38"
    "estree-walker" "^2.0.2"
    "magic-string" "^0.25.7"
    "postcss" "^8.1.10"
    "source-map" "^0.6.1"

"@vue/compiler-ssr@3.2.38":
  "integrity" "sha512-bm9jOeyv1H3UskNm4S6IfueKjUNFmi2kRweFIGnqaGkkRePjwEcfCVqyS3roe7HvF4ugsEkhf4+kIvDhip6XzQ=="
  "resolved" "https://zhcoder-npm.pkg.coding.net/coder/npm-pub/__tarballs/@vue/compiler-ssr/3.2.38/__path/@vue/compiler-ssr/-/compiler-ssr-3.2.38/933b23bf99e667e5078eefc6ba94cb95fd765dfe.tgz"
  "version" "3.2.38"
  dependencies:
    "@vue/compiler-dom" "3.2.38"
    "@vue/shared" "3.2.38"

"@vue/devtools-api@^6.1.4":
  "integrity" "sha512-OEgAMeQXvCoJ+1x8WyQuVZzFo0wcyCmUR3baRVLmKBo1LmYZWMlRiXlux5jd0fqVJu6PfDbOrZItVqUEzLobeQ=="
  "resolved" "https://zhcoder-npm.pkg.coding.net/coder/npm-pub/__tarballs/@vue/devtools-api/6.2.1/__path/@vue/devtools-api/-/devtools-api-6.2.1/6f2948ff002ec46df01420dfeff91de16c5b4092.tgz"
  "version" "6.2.1"

"@vue/reactivity-transform@3.2.38":
  "integrity" "sha512-3SD3Jmi1yXrDwiNJqQ6fs1x61WsDLqVk4NyKVz78mkaIRh6d3IqtRnptgRfXn+Fzf+m6B1KxBYWq1APj6h4qeA=="
  "resolved" "https://zhcoder-npm.pkg.coding.net/coder/npm-pub/__tarballs/@vue/reactivity-transform/3.2.38/__path/@vue/reactivity-transform/-/reactivity-transform-3.2.38/a856c217b2ead99eefb6fddb1d61119b2cb67984.tgz"
  "version" "3.2.38"
  dependencies:
    "@babel/parser" "^7.16.4"
    "@vue/compiler-core" "3.2.38"
    "@vue/shared" "3.2.38"
    "estree-walker" "^2.0.2"
    "magic-string" "^0.25.7"

"@vue/reactivity@^3.2.37", "@vue/reactivity@3.2.38":
  "integrity" "sha512-6L4myYcH9HG2M25co7/BSo0skKFHpAN8PhkNPM4xRVkyGl1K5M3Jx4rp5bsYhvYze2K4+l+pioN4e6ZwFLUVtw=="
  "resolved" "https://zhcoder-npm.pkg.coding.net/coder/npm-pub/__tarballs/@vue/reactivity/3.2.38/__path/@vue/reactivity/-/reactivity-3.2.38/d576fdcea98eefb96a1f1ad456e289263e87292e.tgz"
  "version" "3.2.38"
  dependencies:
    "@vue/shared" "3.2.38"

"@vue/runtime-core@3.2.38":
  "integrity" "sha512-kk0qiSiXUU/IKxZw31824rxmFzrLr3TL6ZcbrxWTKivadoKupdlzbQM4SlGo4MU6Zzrqv4fzyUasTU1jDoEnzg=="
  "resolved" "https://zhcoder-npm.pkg.coding.net/coder/npm-pub/__tarballs/@vue/runtime-core/3.2.38/__path/@vue/runtime-core/-/runtime-core-3.2.38/d19cf591c210713f80e6a94ffbfef307c27aea06.tgz"
  "version" "3.2.38"
  dependencies:
    "@vue/reactivity" "3.2.38"
    "@vue/shared" "3.2.38"

"@vue/runtime-dom@3.2.38":
  "integrity" "sha512-4PKAb/ck2TjxdMSzMsnHViOrrwpudk4/A56uZjhzvusoEU9xqa5dygksbzYepdZeB5NqtRw5fRhWIiQlRVK45A=="
  "resolved" "https://zhcoder-npm.pkg.coding.net/coder/npm-pub/__tarballs/@vue/runtime-dom/3.2.38/__path/@vue/runtime-dom/-/runtime-dom-3.2.38/fec711f65c2485991289fd4798780aa506469b48.tgz"
  "version" "3.2.38"
  dependencies:
    "@vue/runtime-core" "3.2.38"
    "@vue/shared" "3.2.38"
    "csstype" "^2.6.8"

"@vue/server-renderer@3.2.38":
  "integrity" "sha512-pg+JanpbOZ5kEfOZzO2bt02YHd+ELhYP8zPeLU1H0e7lg079NtuuSB8fjLdn58c4Ou8UQ6C1/P+528nXnLPAhA=="
  "resolved" "https://zhcoder-npm.pkg.coding.net/coder/npm-pub/__tarballs/@vue/server-renderer/3.2.38/__path/@vue/server-renderer/-/server-renderer-3.2.38/01a4c0f218e90b8ad1815074208a1974ded109aa.tgz"
  "version" "3.2.38"
  dependencies:
    "@vue/compiler-ssr" "3.2.38"
    "@vue/shared" "3.2.38"

"@vue/shared@^3.2.37", "@vue/shared@3.2.38":
  "integrity" "sha512-dTyhTIRmGXBjxJE+skC8tTWCGLCVc4wQgRRLt8+O9p5ewBAjoBwtCAkLPrtToSr1xltoe3st21Pv953aOZ7alg=="
  "resolved" "https://zhcoder-npm.pkg.coding.net/coder/npm-pub/__tarballs/@vue/shared/3.2.38/__path/@vue/shared/-/shared-3.2.38/e823f0cb2e85b6bf43430c0d6811b1441c300f3c.tgz"
  "version" "3.2.38"

"animate.css@^4.1.1":
  "integrity" "sha512-+mRmCTv6SbCmtYJCN4faJMNFVNN5EuCTTprDTAo7YzIGji2KADmakjVA3+8mVDkZ2Bf09vayB35lSQIex2+QaQ=="
  "resolved" "https://zhcoder-npm.pkg.coding.net/coder/npm-pub/animate.css/-/animate.css-4.1.1/614ec5a81131d7e4dc362a58143f7406abd68075.tgz"
  "version" "4.1.1"

"ant-design-vue@^2.2.8":
  "integrity" "sha512-3graq9/gCfJQs6hznrHV6sa9oDmk/D1H3Oo0vLdVpPS/I61fZPk8NEyNKCHpNA6fT2cx6xx9U3QS63uuyikg/Q=="
  "resolved" "https://zhcoder-npm.pkg.coding.net/coder/npm-pub/ant-design-vue/-/ant-design-vue-2.2.8/fa87cf6842d8ee9a0d8af393ff4099ecc4072f2b.tgz"
  "version" "2.2.8"
  dependencies:
    "@ant-design/icons-vue" "^6.0.0"
    "@babel/runtime" "^7.10.5"
    "@simonwep/pickr" "~1.8.0"
    "array-tree-filter" "^2.1.0"
    "async-validator" "^3.3.0"
    "dom-align" "^1.12.1"
    "dom-scroll-into-view" "^2.0.0"
    "lodash" "^4.17.21"
    "lodash-es" "^4.17.15"
    "moment" "^2.27.0"
    "omit.js" "^2.0.0"
    "resize-observer-polyfill" "^1.5.1"
    "scroll-into-view-if-needed" "^2.2.25"
    "shallow-equal" "^1.0.0"
    "vue-types" "^3.0.0"
    "warning" "^4.0.0"

"ant-design-vue@^3.2.6":
  "integrity" "sha512-KlLJ2+KAaEJcV6BjlL2qA0WnLBQXaUQ129e2tawRP2qWvaieNYtP5jsxkN7zu3jlGsS/y3XUC9R9bLl8ji+ucw=="
  "resolved" "https://zhcoder-npm.pkg.coding.net/coder/npm-pub/ant-design-vue/-/ant-design-vue-3.2.6/90dee76a7b5b16ca055a586c3056f5c2ff77c6ef.tgz"
  "version" "3.2.6"
  dependencies:
    "@ant-design/colors" "^6.0.0"
    "@ant-design/icons-vue" "^6.1.0"
    "@babel/runtime" "^7.10.5"
    "@ctrl/tinycolor" "^3.4.0"
    "@simonwep/pickr" "~1.8.0"
    "array-tree-filter" "^2.1.0"
    "async-validator" "^4.0.0"
    "dayjs" "^1.10.5"
    "dom-align" "^1.12.1"
    "dom-scroll-into-view" "^2.0.0"
    "lodash" "^4.17.21"
    "lodash-es" "^4.17.15"
    "resize-observer-polyfill" "^1.5.1"
    "scroll-into-view-if-needed" "^2.2.25"
    "shallow-equal" "^1.0.0"
    "vue-types" "^3.0.0"
    "warning" "^4.0.0"

"array-tree-filter@^2.1.0":
  "integrity" "sha512-4ROwICNlNw/Hqa9v+rk5h22KjmzB1JGTMVKP2AKJBOCgb0yL0ASf0+YvCcLNNwquOHNX48jkeZIJ3a+oOQqKcw=="
  "resolved" "https://zhcoder-npm.pkg.coding.net/coder/npm-pub/array-tree-filter/-/array-tree-filter-2.1.0/873ac00fec83749f255ac8dd083814b4f6329190.tgz"
  "version" "2.1.0"

"async-validator@^3.3.0":
  "integrity" "sha512-8eLCg00W9pIRZSB781UUX/H6Oskmm8xloZfr09lz5bikRpBVDlJ3hRVuxxP1SxcwsEYfJ4IU8Q19Y8/893r3rQ=="
  "resolved" "https://zhcoder-npm.pkg.coding.net/coder/npm-pub/async-validator/-/async-validator-3.5.2/68e866a96824e8b2694ff7a831c1a25c44d5e500.tgz"
  "version" "3.5.2"

"async-validator@^4.0.0":
  "integrity" "sha512-7HhHjtERjqlNbZtqNqy2rckN/SpOOlmDliet+lP7k+eKZEjPk3DgyeU9lIXLdeLz0uBbbVp+9Qdow9wJWgwwfg=="
  "resolved" "https://zhcoder-npm.pkg.coding.net/coder/npm-pub/__tarballs/async-validator/4.2.5/__path/async-validator/-/async-validator-4.2.5/c96ea3332a521699d0afaaceed510a54656c6339.tgz"
  "version" "4.2.5"

"asynckit@^0.4.0":
  "integrity" "sha1-x57Zf380y48robyXkLzDZkdLS3k="
  "resolved" "https://zhcoder-npm.pkg.coding.net/coder/npm-pub/asynckit/-/asynckit-0.4.0/c79ed97f7f34cb8f2ba1bc9790bcc366474b4b79.tgz"
  "version" "0.4.0"

"axios@^0.24.0":
  "integrity" "sha512-Q6cWsys88HoPgAaFAVUb0WpPk0O8iTeisR9IMqy9G8AbO4NlpVknrnQS03zzF9PGAWgO3cgletO3VjV/P7VztA=="
  "resolved" "https://zhcoder-npm.pkg.coding.net/coder/npm-pub/axios/-/axios-0.24.0/804e6fa1e4b9c5288501dd9dff56a7a0940d20d6.tgz"
  "version" "0.24.0"
  dependencies:
    "follow-redirects" "^1.14.4"

"axios@^0.27.2":
  "integrity" "sha512-t+yRIyySRTp/wua5xEr+z1q60QmLq8ABsS5O9Me1AsE5dfKqgnCFzwiCZZ/cGNd1lq4/7akDWMxdhVlucjmnOQ=="
  "resolved" "https://zhcoder-npm.pkg.coding.net/coder/npm-pub/__tarballs/axios/0.27.2/__path/axios/-/axios-0.27.2/207658cc8621606e586c85db4b41a750e756d972.tgz"
  "version" "0.27.2"
  dependencies:
    "follow-redirects" "^1.14.9"
    "form-data" "^4.0.0"

"call-bind@^1.0.2":
  "integrity" "sha512-7O+FbCihrB5WGbFYesctwmTKae6rOiIzmz1icreWJ+0aA7LJfuqhEso2T9ncpcFtzMQtzXf2QGGueWJGTYsqrA=="
  "resolved" "https://registry.npmmirror.com/call-bind/-/call-bind-1.0.2.tgz"
  "version" "1.0.2"
  dependencies:
    "function-bind" "^1.1.1"
    "get-intrinsic" "^1.0.2"

"clipboard@^2.0.6":
  "integrity" "sha512-C+0bbOqkezLIsmWSvlsXS0Q0bmkugu7jcfMIACB+RDEntIzQIkdr148we28AfSloQLRdZlYL/QYyrq05j/3Faw=="
  "resolved" "https://zhcoder-npm.pkg.coding.net/coder/npm-pub/clipboard/-/clipboard-2.0.11/62180360b97dd668b6b3a84ec226975762a70be5.tgz"
  "version" "2.0.11"
  dependencies:
    "good-listener" "^1.2.2"
    "select" "^1.1.2"
    "tiny-emitter" "^2.0.0"

"clone@^2.1.1":
  "integrity" "sha512-3Pe/CF1Nn94hyhIYpjtiLhdCoEoz0DqQ+988E9gmeEdQZlojxnOb74wctFyuwWQHzqyf9X7C7MG8juUpqBJT8w=="
  "resolved" "https://registry.npmmirror.com/clone/-/clone-2.1.2.tgz"
  "version" "2.1.2"

"coder-clip-btn@^1.3.0":
  "integrity" "sha512-Mq5mVNnAhS+5t/9oO/Ro6S/UnA8QPU48G6XOVdJ49UIyzl0pud5yZwlA591g8GnkyGx8kekWoy9wRnQtPOCIdQ=="
  "resolved" "https://zhcoder-npm.pkg.coding.net/coder/npm-pub/coder-clip-btn/-/coder-clip-btn-1.3.0/7141826fefebc557576b8a5c90384e409c64a8b5.tgz"
  "version" "1.3.0"
  dependencies:
    "@ant-design/icons-vue" "^6.1.0"
    "ant-design-vue" "^2.2.8"
    "vue" "^3.2.13"
    "vue-clipboard3" "^2.0.0"

"coder-member-components-vue3@3.7.7":
  "integrity" "sha512-rWKYZcMFzVJ59KrjUv0HEhCzb8BH2Ko/CLaqmXt9c7Q5Xmha7qO8stBsNx46h2om2T/VuNq85MXz8NmyA1Km3A=="
  "resolved" "https://zhcoder-npm.pkg.coding.net/coder/npm-pub/coder-member-components-vue3/-/coder-member-components-vue3-3.7.7/9354573e1267fcd9b0f3a62f02079fe0321a3d57.tgz"
  "version" "3.7.7"
  dependencies:
    "@ant-design/icons-vue" "^6.1.0"
    "animate.css" "^4.1.1"
    "ant-design-vue" "^2.2.8"
    "axios" "^0.24.0"
    "coder-clip-btn" "^1.3.0"
    "lru-cache" "^6.0.0"
    "qrcode.vue" "^3.3.3"
    "vue" "^3.2.25"
    "vue-clipboard3" "^1.0.1"

"combined-stream@^1.0.8":
  "integrity" "sha512-FQN4MRfuJeHf7cBbBMJFXhKSDq+2kAArBlmRBvcvFE5BB1HZKXtSFASDhdlz9zOYwxh8lDdnvmMOe/+5cdoEdg=="
  "resolved" "https://zhcoder-npm.pkg.coding.net/coder/npm-pub/combined-stream/-/combined-stream-1.0.8/c3d45a8b34fd730631a110a8a2520682b31d5a7f.tgz"
  "version" "1.0.8"
  dependencies:
    "delayed-stream" "~1.0.0"

"compute-scroll-into-view@^1.0.17":
  "integrity" "sha512-j4dx+Fb0URmzbwwMUrhqWM2BEWHdFGx+qZ9qqASHRPqvTYdqvWnHg0H1hIbcyLnvgnoNAVMlwkepyqM3DaIFUg=="
  "resolved" "https://zhcoder-npm.pkg.coding.net/coder/npm-pub/compute-scroll-into-view/-/compute-scroll-into-view-1.0.17/6a88f18acd9d42e9cf4baa6bec7e0522607ab7ab.tgz"
  "version" "1.0.17"

"core-js@^3.15.1":
  "integrity" "sha512-CVU1xvJEfJGhyCpBrzzzU1kjCfgsGUxhEvwUV2e/cOedYWHdmluamx+knDnmhqALddMG16fZvIqvs9aijsHHaA=="
  "resolved" "https://zhcoder-npm.pkg.coding.net/coder/npm-pub/__tarballs/core-js/3.25.0/__path/core-js/-/core-js-3.25.0/be71d9e0dd648ffd70c44a7ec2319d039357eceb.tgz"
  "version" "3.25.0"

"crypto-js@^4.1.1":
  "integrity" "sha512-o2JlM7ydqd3Qk9CA0L4NL6mTzU2sdx96a+oOfPu8Mkl/PK51vSyoi8/rQ8NknZtk44vq15lmhAj9CIAGwgeWKw=="
  "resolved" "https://zhcoder-npm.pkg.coding.net/coder/npm-pub/crypto-js/-/crypto-js-4.1.1/9e485bcf03521041bd85844786b83fb7619736cf.tgz"
  "version" "4.1.1"

"csstype@^2.6.8":
  "integrity" "sha512-/WwNkdXfckNgw6S5R125rrW8ez139lBHWouiBvX8dfMFtcn6V81REDqnH7+CRpRipfYlyU1CmOnOxrmGcFOjeA=="
  "resolved" "https://zhcoder-npm.pkg.coding.net/coder/npm-pub/__tarballs/csstype/2.6.20/__path/csstype/-/csstype-2.6.20/9229c65ea0b260cf4d3d997cb06288e36a8d6dda.tgz"
  "version" "2.6.20"

"dayjs@^1.10.5":
  "integrity" "sha512-CAdX5Q3YW3Gclyo5Vpqkgpj8fSdLQcRuzfX6mC6Phy0nfJ0eGYOeS7m4mt2plDWLAtA4TqTakvbboHvUxfe4iA=="
  "resolved" "https://zhcoder-npm.pkg.coding.net/coder/npm-pub/__tarballs/dayjs/1.11.5/__path/dayjs/-/dayjs-1.11.5/00e8cc627f231f9499c19b38af49f56dc0ac5e93.tgz"
  "version" "1.11.5"

"deep-equal@^1.0.1":
  "integrity" "sha512-yd9c5AdiqVcR+JjcwUQb9DkhJc8ngNr0MahEBGvDiJw8puWab2yZlh+nkasOnZP+EGTAP6rRp2JzJhJZzvNF8g=="
  "resolved" "https://registry.npmmirror.com/deep-equal/-/deep-equal-1.1.1.tgz"
  "version" "1.1.1"
  dependencies:
    "is-arguments" "^1.0.4"
    "is-date-object" "^1.0.1"
    "is-regex" "^1.0.4"
    "object-is" "^1.0.1"
    "object-keys" "^1.1.1"
    "regexp.prototype.flags" "^1.2.0"

"define-properties@^1.1.3":
  "integrity" "sha512-uckOqKcfaVvtBdsVkdPv3XjveQJsNQqmhXgRi8uhvWWuPYZCNlzT8qAyblUgNoXdHdjMTzAqeGjAoli8f+bzPA=="
  "resolved" "https://registry.npmmirror.com/define-properties/-/define-properties-1.1.4.tgz"
  "version" "1.1.4"
  dependencies:
    "has-property-descriptors" "^1.0.0"
    "object-keys" "^1.1.1"

"delayed-stream@~1.0.0":
  "integrity" "sha1-3zrhmayt+31ECqrgsp4icrJOxhk="
  "resolved" "https://zhcoder-npm.pkg.coding.net/coder/npm-pub/delayed-stream/-/delayed-stream-1.0.0/df3ae199acadfb7d440aaae0b29e2272b24ec619.tgz"
  "version" "1.0.0"

"delegate@^3.1.2":
  "integrity" "sha512-IofjkYBZaZivn0V8nnsMJGBr4jVLxHDheKSW88PyxS5QC4Vo9ZbZVvhzlSxY87fVq3STR6r+4cGepyHkcWOQSw=="
  "resolved" "https://zhcoder-npm.pkg.coding.net/coder/npm-pub/delegate/-/delegate-3.2.0/b66b71c3158522e8ab5744f720d8ca0c2af59166.tgz"
  "version" "3.2.0"

"dom-align@^1.12.1":
  "integrity" "sha512-Gj9hZN3a07cbR6zviMUBOMPdWxYhbMI+x+WS0NAIu2zFZmbK8ys9R79g+iG9qLnlCwpFoaB+fKy8Pdv470GsPA=="
  "resolved" "https://zhcoder-npm.pkg.coding.net/coder/npm-pub/dom-align/-/dom-align-1.12.3/a36d02531dae0eefa2abb0c4db6595250526f103.tgz"
  "version" "1.12.3"

"dom-scroll-into-view@^2.0.0":
  "integrity" "sha512-bvVTQe1lfaUr1oFzZX80ce9KLDlZ3iU+XGNE/bz9HnGdklTieqsbmsLHe+rT2XWqopvL0PckkYqN7ksmm5pe3w=="
  "resolved" "https://zhcoder-npm.pkg.coding.net/coder/npm-pub/dom-scroll-into-view/-/dom-scroll-into-view-2.0.1/0decc8522801fd8d3f1c6ba355a74d382c5f989b.tgz"
  "version" "2.0.1"

"esbuild-windows-64@0.14.54":
  "integrity" "sha512-AoHTRBUuYwXtZhjXZbA1pGfTo8cJo3vZIcWGLiUcTNgHpJJMC1rVA44ZereBHMJtotyN71S8Qw0npiCIkW96cQ=="
  "resolved" "https://zhcoder-npm.pkg.coding.net/coder/npm-pub/__tarballs/esbuild-windows-64/0.14.54/__path/esbuild-windows-64/-/esbuild-windows-64-0.14.54/bf54b51bd3e9b0f1886ffdb224a4176031ea0af4.tgz"
  "version" "0.14.54"

"esbuild@^0.14.47":
  "integrity" "sha512-Cy9llcy8DvET5uznocPyqL3BFRrFXSVqbgpMJ9Wz8oVjZlh/zUSNbPRbov0VX7VxN2JH1Oa0uNxZ7eLRb62pJA=="
  "resolved" "https://zhcoder-npm.pkg.coding.net/coder/npm-pub/__tarballs/esbuild/0.14.54/__path/esbuild/-/esbuild-0.14.54/8b44dcf2b0f1a66fc22459943dccf477535e9aa2.tgz"
  "version" "0.14.54"
  optionalDependencies:
    "@esbuild/linux-loong64" "0.14.54"
    "esbuild-android-64" "0.14.54"
    "esbuild-android-arm64" "0.14.54"
    "esbuild-darwin-64" "0.14.54"
    "esbuild-darwin-arm64" "0.14.54"
    "esbuild-freebsd-64" "0.14.54"
    "esbuild-freebsd-arm64" "0.14.54"
    "esbuild-linux-32" "0.14.54"
    "esbuild-linux-64" "0.14.54"
    "esbuild-linux-arm" "0.14.54"
    "esbuild-linux-arm64" "0.14.54"
    "esbuild-linux-mips64le" "0.14.54"
    "esbuild-linux-ppc64le" "0.14.54"
    "esbuild-linux-riscv64" "0.14.54"
    "esbuild-linux-s390x" "0.14.54"
    "esbuild-netbsd-64" "0.14.54"
    "esbuild-openbsd-64" "0.14.54"
    "esbuild-sunos-64" "0.14.54"
    "esbuild-windows-32" "0.14.54"
    "esbuild-windows-64" "0.14.54"
    "esbuild-windows-arm64" "0.14.54"

"estree-walker@^2.0.2":
  "integrity" "sha512-Rfkk/Mp/DL7JVje3u18FxFujQlTNR2q6QfMSMB7AvCBx91NGj/ba3kCfza0f6dVDbw7YlRf/nDrn7pQrCCyQ/w=="
  "resolved" "https://zhcoder-npm.pkg.coding.net/coder/npm-pub/estree-walker/-/estree-walker-2.0.2/52f010178c2a4c117a7757cfe942adb7d2da4cac.tgz"
  "version" "2.0.2"

"eventemitter3@^2.0.3":
  "integrity" "sha512-jLN68Dx5kyFHaePoXWPsCGW5qdyZQtLYHkxkg02/Mz6g0kYpDx4FyP6XfArhQdlOC4b8Mv+EMxPo/8La7Tzghg=="
  "resolved" "https://registry.npmmirror.com/eventemitter3/-/eventemitter3-2.0.3.tgz"
  "version" "2.0.3"

"extend@^3.0.2":
  "integrity" "sha512-fjquC59cD7CyW6urNXK0FBufkZcoiGG80wTuPujX590cB5Ttln20E2UB4S/WARVqhXffZl2LNgS+gQdPIIim/g=="
  "resolved" "https://registry.npmmirror.com/extend/-/extend-3.0.2.tgz"
  "version" "3.0.2"

"fast-diff@1.1.2":
  "integrity" "sha512-KaJUt+M9t1qaIteSvjc6P3RbMdXsNhK61GRftR6SNxqmhthcd9MGIi4T+o0jD8LUSpSnSKXE20nLtJ3fOHxQig=="
  "resolved" "https://registry.npmmirror.com/fast-diff/-/fast-diff-1.1.2.tgz"
  "version" "1.1.2"

"follow-redirects@^1.14.4", "follow-redirects@^1.14.9":
  "integrity" "sha512-yLAMQs+k0b2m7cVxpS1VKJVvoz7SS9Td1zss3XRwXj+ZDH00RJgnuLx7E44wx02kQLrdM3aOOy+FpzS7+8OizA=="
  "resolved" "https://zhcoder-npm.pkg.coding.net/coder/npm-pub/follow-redirects/-/follow-redirects-1.15.1/0ca6a452306c9b276e4d3127483e29575e207ad5.tgz"
  "version" "1.15.1"

"form-data@^4.0.0":
  "integrity" "sha512-ETEklSGi5t0QMZuiXoA/Q6vcnxcLQP5vdugSpuAyi6SVGi2clPPp+xgEhuMaHC+zGgn31Kd235W35f7Hykkaww=="
  "resolved" "https://zhcoder-npm.pkg.coding.net/coder/npm-pub/__tarballs/form-data/4.0.0/__path/form-data/-/form-data-4.0.0/93919daeaf361ee529584b9b31664dc12c9fa452.tgz"
  "version" "4.0.0"
  dependencies:
    "asynckit" "^0.4.0"
    "combined-stream" "^1.0.8"
    "mime-types" "^2.1.12"

"function-bind@^1.1.1":
  "integrity" "sha512-yIovAzMX49sF8Yl58fSCWJ5svSLuaibPxXQJFLmBObTuCr0Mf1KiPopGM9NiFjiYBCbfaa2Fh6breQ6ANVTI0A=="
  "resolved" "https://zhcoder-npm.pkg.coding.net/coder/npm-pub/function-bind/-/function-bind-1.1.1/a56899d3ea3c9bab874bb9773b7c5ede92f4895d.tgz"
  "version" "1.1.1"

"functions-have-names@^1.2.2":
  "integrity" "sha512-xckBUXyTIqT97tq2x2AMb+g163b5JFysYk0x4qxNFwbfQkmNZoiRHb6sPzI9/QV33WeuvVYBUIiD4NzNIyqaRQ=="
  "resolved" "https://registry.npmmirror.com/functions-have-names/-/functions-have-names-1.2.3.tgz"
  "version" "1.2.3"

"get-intrinsic@^1.0.2", "get-intrinsic@^1.1.1":
  "integrity" "sha512-QJVz1Tj7MS099PevUG5jvnt9tSkXN8K14dxQlikJuPt4uD9hHAHjLyLBiLR5zELelBdD9QNRAXZzsJx0WaDL9A=="
  "resolved" "https://registry.npmmirror.com/get-intrinsic/-/get-intrinsic-1.1.3.tgz"
  "version" "1.1.3"
  dependencies:
    "function-bind" "^1.1.1"
    "has" "^1.0.3"
    "has-symbols" "^1.0.3"

"good-listener@^1.2.2":
  "integrity" "sha1-1TswzfkxPf+33JoNR3CWqm0UXFA="
  "resolved" "https://zhcoder-npm.pkg.coding.net/coder/npm-pub/good-listener/-/good-listener-1.2.2/d53b30cdf9313dffb7dc9a0d477096aa6d145c50.tgz"
  "version" "1.2.2"
  dependencies:
    "delegate" "^3.1.2"

"has-property-descriptors@^1.0.0":
  "integrity" "sha512-62DVLZGoiEBDHQyqG4w9xCuZ7eJEwNmJRWw2VY84Oedb7WFcA27fiEVe8oUQx9hAUJ4ekurquucTGwsyO1XGdQ=="
  "resolved" "https://registry.npmmirror.com/has-property-descriptors/-/has-property-descriptors-1.0.0.tgz"
  "version" "1.0.0"
  dependencies:
    "get-intrinsic" "^1.1.1"

"has-symbols@^1.0.2", "has-symbols@^1.0.3":
  "integrity" "sha512-l3LCuF6MgDNwTDKkdYGEihYjt5pRPbEg46rtlmnSPlUbgmB8LOIrKJbYYFBSbnPaJexMKtiPO8hmeRjRz2Td+A=="
  "resolved" "https://registry.npmmirror.com/has-symbols/-/has-symbols-1.0.3.tgz"
  "version" "1.0.3"

"has-tostringtag@^1.0.0":
  "integrity" "sha512-kFjcSNhnlGV1kyoGk7OXKSawH5JOb/LzUc5w9B02hOTO0dfFRjbHQKvg1d6cf3HbeUmtU9VbbV3qzZ2Teh97WQ=="
  "resolved" "https://registry.npmmirror.com/has-tostringtag/-/has-tostringtag-1.0.0.tgz"
  "version" "1.0.0"
  dependencies:
    "has-symbols" "^1.0.2"

"has@^1.0.3":
  "integrity" "sha512-f2dvO0VU6Oej7RkWJGrehjbzMAjFp5/VKPp5tTpWIV4JHHZK1/BxbFRtf/siA2SWTe09caDmVtYYzWEIbBS4zw=="
  "resolved" "https://zhcoder-npm.pkg.coding.net/coder/npm-pub/has/-/has-1.0.3/722d7cbfc1f6aa8241f16dd814e011e1f41e8796.tgz"
  "version" "1.0.3"
  dependencies:
    "function-bind" "^1.1.1"

"is-arguments@^1.0.4":
  "integrity" "sha512-8Q7EARjzEnKpt/PCD7e1cgUS0a6X8u5tdSiMqXhojOdoV9TsMsiO+9VLC5vAmO8N7/GmXn7yjR8qnA6bVAEzfA=="
  "resolved" "https://registry.npmmirror.com/is-arguments/-/is-arguments-1.1.1.tgz"
  "version" "1.1.1"
  dependencies:
    "call-bind" "^1.0.2"
    "has-tostringtag" "^1.0.0"

"is-core-module@^2.9.0":
  "integrity" "sha512-Erxj2n/LDAZ7H8WNJXd9tw38GYM3dv8rk8Zcs+jJuxYTW7sozH+SS8NtrSjVL1/vpLvWi1hxy96IzjJ3EHTJJg=="
  "resolved" "https://zhcoder-npm.pkg.coding.net/coder/npm-pub/__tarballs/is-core-module/2.10.0/__path/is-core-module/-/is-core-module-2.10.0/9012ede0a91c69587e647514e1d5277019e728ed.tgz"
  "version" "2.10.0"
  dependencies:
    "has" "^1.0.3"

"is-date-object@^1.0.1":
  "integrity" "sha512-9YQaSxsAiSwcvS33MBk3wTCVnWK+HhF8VZR2jRxehM16QcVOdHqPn4VPHmRK4lSr38n9JriurInLcP90xsYNfQ=="
  "resolved" "https://registry.npmmirror.com/is-date-object/-/is-date-object-1.0.5.tgz"
  "version" "1.0.5"
  dependencies:
    "has-tostringtag" "^1.0.0"

"is-plain-object@3.0.1":
  "integrity" "sha512-Xnpx182SBMrr/aBik8y+GuR4U1L9FqMSojwDQwPMmxyC6bvEqly9UBCxhauBF5vNh2gwWJNX6oDV7O+OM4z34g=="
  "resolved" "https://zhcoder-npm.pkg.coding.net/coder/npm-pub/is-plain-object/-/is-plain-object-3.0.1/662d92d24c0aa4302407b0d45d21f2251c85f85b.tgz"
  "version" "3.0.1"

"is-regex@^1.0.4":
  "integrity" "sha512-kvRdxDsxZjhzUX07ZnLydzS1TU/TJlTUHHY4YLL87e37oUA49DfkLqgy+VjFocowy29cKvcSiu+kIv728jTTVg=="
  "resolved" "https://registry.npmmirror.com/is-regex/-/is-regex-1.1.4.tgz"
  "version" "1.1.4"
  dependencies:
    "call-bind" "^1.0.2"
    "has-tostringtag" "^1.0.0"

"js-tokens@^3.0.0 || ^4.0.0":
  "integrity" "sha512-RdJUflcE3cUzKiMqQgsCu06FPu9UdIJO0beYbPhHN4k6apgJtifcoCtT9bcxOpYBtpD2kCM6Sbzg4CausW/PKQ=="
  "resolved" "https://zhcoder-npm.pkg.coding.net/coder/npm-pub/js-tokens/-/js-tokens-4.0.0/19203fb59991df98e3a287050d4647cdeaf32499.tgz"
  "version" "4.0.0"

"lodash-es@^4.17.15":
  "integrity" "sha512-mKnC+QJ9pWVzv+C4/U3rRsHapFfHvQFoFB92e52xeyGMcX6/OlIl78je1u8vePzYZSkkogMPJ2yjxxsb89cxyw=="
  "resolved" "https://zhcoder-npm.pkg.coding.net/coder/npm-pub/lodash-es/-/lodash-es-4.17.21/43e626c46e6591b7750beb2b50117390c609e3ee.tgz"
  "version" "4.17.21"

"lodash@^4.17.21":
  "integrity" "sha512-v2kDEe57lecTulaDIuNTPy3Ry4gLGJ6Z1O3vE1krgXZNrsQ+LFTGHVxVjcXPs17LhbZVGedAJv8XZ1tvj5FvSg=="
  "resolved" "https://zhcoder-npm.pkg.coding.net/coder/npm-pub/lodash/-/lodash-4.17.21/679591c564c3bffaae8454cf0b3df370c3d6911c.tgz"
  "version" "4.17.21"

"loose-envify@^1.0.0":
  "integrity" "sha512-lyuxPGr/Wfhrlem2CL/UcnUc1zcqKAImBDzukY7Y5F/yQiNdko6+fRLevlw1HgMySw7f611UIY408EtxRSoK3Q=="
  "resolved" "https://zhcoder-npm.pkg.coding.net/coder/npm-pub/loose-envify/-/loose-envify-1.4.0/71ee51fa7be4caec1a63839f7e682d8132d30caf.tgz"
  "version" "1.4.0"
  dependencies:
    "js-tokens" "^3.0.0 || ^4.0.0"

"lru-cache@^6.0.0":
  "integrity" "sha512-Jo6dJ04CmSjuznwJSS3pUeWmd/H0ffTlkXXgwZi+eq1UCmqQwCh+eLsYOYCwY991i2Fah4h1BEMCx4qThGbsiA=="
  "resolved" "https://zhcoder-npm.pkg.coding.net/coder/npm-pub/lru-cache/-/lru-cache-6.0.0/6d6fe6570ebd96aaf90fcad1dafa3b2566db3a94.tgz"
  "version" "6.0.0"
  dependencies:
    "yallist" "^4.0.0"

"magic-string@^0.25.7":
  "integrity" "sha512-RmF0AsMzgt25qzqqLc1+MbHmhdx0ojF2Fvs4XnOqz2ZOBXzzkEwc/dJQZCYHAn7v1jbVOjAZfK8msRn4BxO4VQ=="
  "resolved" "https://zhcoder-npm.pkg.coding.net/coder/npm-pub/__tarballs/magic-string/0.25.9/__path/magic-string/-/magic-string-0.25.9/de7f9faf91ef8a1c91d02c2e5314c8277dbcdd1c.tgz"
  "version" "0.25.9"
  dependencies:
    "sourcemap-codec" "^1.4.8"

"mime-db@1.52.0":
  "integrity" "sha512-sPU4uV7dYlvtWJxwwxHD0PuihVNiE7TyAbQ5SWxDCB9mUYvOgroQOwYQQOKPJ8CIbE+1ETVlOoK1UC2nU3gYvg=="
  "resolved" "https://zhcoder-npm.pkg.coding.net/coder/npm-pub/__tarballs/mime-db/1.52.0/__path/mime-db/-/mime-db-1.52.0/bbabcdc02859f4987301c856e3387ce5ec43bf70.tgz"
  "version" "1.52.0"

"mime-types@^2.1.12":
  "integrity" "sha512-ZDY+bPm5zTTF+YpCrAU9nK0UgICYPT0QtT1NZWFv4s++TNkcgVaT0g6+4R2uI4MjQjzysHB1zxuWL50hzaeXiw=="
  "resolved" "https://zhcoder-npm.pkg.coding.net/coder/npm-pub/__tarballs/mime-types/2.1.35/__path/mime-types/-/mime-types-2.1.35/381a871b62a734450660ae3deee44813f70d959a.tgz"
  "version" "2.1.35"
  dependencies:
    "mime-db" "1.52.0"

"moment@^2.27.0":
  "integrity" "sha512-5LC9SOxjSc2HF6vO2CyuTDNivEdoz2IvyJJGj6X8DJ0eFyfszE0QiEd+iXmBvUP3WHxSjFH/vIsA0EN00cgr8w=="
  "resolved" "https://zhcoder-npm.pkg.coding.net/coder/npm-pub/moment/-/moment-2.29.4/3dbe052889fe7c1b2ed966fcb3a77328964ef108.tgz"
  "version" "2.29.4"

"nanoid@^3.3.4":
  "integrity" "sha512-MqBkQh/OHTS2egovRtLk45wEyNXwF+cokD+1YPf9u5VfJiRdAiRwB2froX5Co9Rh20xs4siNPm8naNotSD6RBw=="
  "resolved" "https://zhcoder-npm.pkg.coding.net/coder/npm-pub/__tarballs/nanoid/3.3.4/__path/nanoid/-/nanoid-3.3.4/730b67e3cd09e2deacf03c027c81c9d9dbc5e8ab.tgz"
  "version" "3.3.4"

"nanopop@^2.1.0":
  "integrity" "sha512-jGTwpFRexSH+fxappnGQtN9dspgE2ipa1aOjtR24igG0pv6JCxImIAmrLRHX+zUF5+1wtsFVbKyfP51kIGAVNw=="
  "resolved" "https://zhcoder-npm.pkg.coding.net/coder/npm-pub/nanopop/-/nanopop-2.1.0/23476513cee2405888afd2e8a4b54066b70b9e60.tgz"
  "version" "2.1.0"

"object-is@^1.0.1":
  "integrity" "sha512-3cyDsyHgtmi7I7DfSSI2LDp6SK2lwvtbg0p0R1e0RvTqF5ceGx+K2dfSjm1bKDMVCFEDAQvy+o8c6a7VujOddw=="
  "resolved" "https://registry.npmmirror.com/object-is/-/object-is-1.1.5.tgz"
  "version" "1.1.5"
  dependencies:
    "call-bind" "^1.0.2"
    "define-properties" "^1.1.3"

"object-keys@^1.1.1":
  "integrity" "sha512-NuAESUOUMrlIXOfHKzD6bpPu3tYt3xvjNdRIQ+FeT0lNb4K8WR70CaDxhuNguS2XG+GjkyMwOzsN5ZktImfhLA=="
  "resolved" "https://registry.npmmirror.com/object-keys/-/object-keys-1.1.1.tgz"
  "version" "1.1.1"

"omit.js@^2.0.0":
  "integrity" "sha512-hJmu9D+bNB40YpL9jYebQl4lsTW6yEHRTroJzNLqQJYHm7c+NQnJGfZmIWh8S3q3KoaxV1aLhV6B3+0N0/kyJg=="
  "resolved" "https://zhcoder-npm.pkg.coding.net/coder/npm-pub/omit.js/-/omit.js-2.0.2/dd9b8436fab947a5f3ff214cb2538631e313ec2f.tgz"
  "version" "2.0.2"

"parchment@^1.1.4":
  "integrity" "sha512-J5FBQt/pM2inLzg4hEWmzQx/8h8D0CiDxaG3vyp9rKrQRSDgBlhjdP5jQGgosEajXPSQouXGHOmVdgo7QmJuOg=="
  "resolved" "https://registry.npmmirror.com/parchment/-/parchment-1.1.4.tgz"
  "version" "1.1.4"

"path-parse@^1.0.7":
  "integrity" "sha512-LDJzPVEEEPR+y48z93A0Ed0yXb8pAByGWo/k5YYdYgpY2/2EsOsksJrq7lOHxryrVOn1ejG6oAp8ahvOIQD8sw=="
  "resolved" "https://zhcoder-npm.pkg.coding.net/coder/npm-pub/path-parse/-/path-parse-1.0.7/fbc114b60ca42b30d9daf5858e4bd68bbedb6735.tgz"
  "version" "1.0.7"

"picocolors@^1.0.0":
  "integrity" "sha512-1fygroTLlHu66zi26VoTDv8yRgm0Fccecssto+MhsZ0D/DGW2sm8E8AjW7NU5VVTRt5GxbeZ5qBuJr+HyLYkjQ=="
  "resolved" "https://zhcoder-npm.pkg.coding.net/coder/npm-pub/picocolors/-/picocolors-1.0.0/cb5bdc74ff3f51892236eaf79d68bc44564ab81c.tgz"
  "version" "1.0.0"

"postcss@^8.1.10", "postcss@^8.4.16":
  "integrity" "sha512-ipHE1XBvKzm5xI7hiHCZJCSugxvsdq2mPnsq5+UF+VHCjiBvtDrlxJfMBToWaP9D5XlgNmcFGqoHmUn0EYEaRQ=="
  "resolved" "https://zhcoder-npm.pkg.coding.net/coder/npm-pub/__tarballs/postcss/8.4.16/__path/postcss/-/postcss-8.4.16/33a1d675fac39941f5f445db0de4db2b6e01d43c.tgz"
  "version" "8.4.16"
  dependencies:
    "nanoid" "^3.3.4"
    "picocolors" "^1.0.0"
    "source-map-js" "^1.0.2"

"qrcode.vue@^3.3.3":
  "integrity" "sha512-OsD4tQjIbxg/K6D5ZkWjBdYI9eg9K2i8qeYILdEAX5mdAydSAxV7xKmmZSP/hA12olLqEMZ9ryqDQrwa9jEMgw=="
  "resolved" "https://zhcoder-npm.pkg.coding.net/coder/npm-pub/qrcode.vue/-/qrcode.vue-3.3.3/00262244311a0ee1956fb7a0e238197ff7e14cfa.tgz"
  "version" "3.3.3"

"quill-delta@^3.6.2":
  "integrity" "sha512-wdIGBlcX13tCHOXGMVnnTVFtGRLoP0imqxM696fIPwIf5ODIYUHIvHbZcyvGlZFiFhK5XzDC2lpjbxRhnM05Tg=="
  "resolved" "https://registry.npmmirror.com/quill-delta/-/quill-delta-3.6.3.tgz"
  "version" "3.6.3"
  dependencies:
    "deep-equal" "^1.0.1"
    "extend" "^3.0.2"
    "fast-diff" "1.1.2"

"quill-image-uploader@^1.2.3":
  "integrity" "sha512-V4/JkqvuWoUZ+Bm41U7JHMge2BtSGJ/edY/Z4nrROTQJv2pVK75sj+XDP/osKRc+yB7/s2SvOzVa2FlOrJT8zA=="
  "resolved" "https://registry.npmmirror.com/quill-image-uploader/-/quill-image-uploader-1.2.3.tgz"
  "version" "1.2.3"

"quill@^1.3.7":
  "integrity" "sha512-hG/DVzh/TiknWtE6QmWAF/pxoZKYxfe3J/d/+ShUWkDvvkZQVTPeVmUJVu1uE6DDooC4fWTiCLh84ul89oNz5g=="
  "resolved" "https://registry.npmmirror.com/quill/-/quill-1.3.7.tgz"
  "version" "1.3.7"
  dependencies:
    "clone" "^2.1.1"
    "deep-equal" "^1.0.1"
    "eventemitter3" "^2.0.3"
    "extend" "^3.0.2"
    "parchment" "^1.1.4"
    "quill-delta" "^3.6.2"

"regenerator-runtime@^0.13.4":
  "integrity" "sha512-p3VT+cOEgxFsRRA9X4lkI1E+k2/CtnKtU4gcxyaCUreilL/vqI6CdZ3wxVUx3UOUg+gnUOQQcRI7BmSI656MYA=="
  "resolved" "https://zhcoder-npm.pkg.coding.net/coder/npm-pub/regenerator-runtime/-/regenerator-runtime-0.13.9/8925742a98ffd90814988d7566ad30ca3b263b52.tgz"
  "version" "0.13.9"

"regexp.prototype.flags@^1.2.0":
  "integrity" "sha512-fjggEOO3slI6Wvgjwflkc4NFRCTZAu5CnNfBd5qOMYhWdn67nJBBu34/TkD++eeFmd8C9r9jfXJ27+nSiRkSUA=="
  "resolved" "https://registry.npmmirror.com/regexp.prototype.flags/-/regexp.prototype.flags-1.4.3.tgz"
  "version" "1.4.3"
  dependencies:
    "call-bind" "^1.0.2"
    "define-properties" "^1.1.3"
    "functions-have-names" "^1.2.2"

"resize-observer-polyfill@^1.5.1":
  "integrity" "sha512-LwZrotdHOo12nQuZlHEmtuXdqGoOD0OhaxopaNFxWzInpEgaLWoVuAMbTzixuosCx2nEG58ngzW3vxdWoxIgdg=="
  "resolved" "https://zhcoder-npm.pkg.coding.net/coder/npm-pub/resize-observer-polyfill/-/resize-observer-polyfill-1.5.1/0e9020dd3d21024458d4ebd27e23e40269810464.tgz"
  "version" "1.5.1"

"resolve@^1.22.1":
  "integrity" "sha512-nBpuuYuY5jFsli/JIs1oldw6fOQCBioohqWZg/2hiaOybXOft4lonv85uDOKXdf8rhyK159cxU5cDcK/NKk8zw=="
  "resolved" "https://zhcoder-npm.pkg.coding.net/coder/npm-pub/__tarballs/resolve/1.22.1/__path/resolve/-/resolve-1.22.1/27cb2ebb53f91abb49470a928bba7558066ac177.tgz"
  "version" "1.22.1"
  dependencies:
    "is-core-module" "^2.9.0"
    "path-parse" "^1.0.7"
    "supports-preserve-symlinks-flag" "^1.0.0"

"rollup@>=2.75.6 <2.77.0 || ~2.77.0":
  "integrity" "sha512-/qxNTG7FbmefJWoeeYJFbHehJ2HNWnjkAFRKzWN/45eNBBF/r8lo992CwcJXEzyVxs5FmfId+vTSTQDb+bxA+g=="
  "resolved" "https://zhcoder-npm.pkg.coding.net/coder/npm-pub/__tarballs/rollup/2.77.3/__path/rollup/-/rollup-2.77.3/8f00418d3a2740036e15deb653bed1a90ee0cc12.tgz"
  "version" "2.77.3"
  optionalDependencies:
    "fsevents" "~2.3.2"

"scroll-into-view-if-needed@^2.2.25":
  "integrity" "sha512-hxpAR6AN+Gh53AdAimHM6C8oTN1ppwVZITihix+WqalywBeFcQ6LdQP5ABNl26nX8GTEL7VT+b8lKpdqq65wXg=="
  "resolved" "https://zhcoder-npm.pkg.coding.net/coder/npm-pub/scroll-into-view-if-needed/-/scroll-into-view-if-needed-2.2.29/551791a84b7e2287706511f8c68161e4990ab885.tgz"
  "version" "2.2.29"
  dependencies:
    "compute-scroll-into-view" "^1.0.17"

"select@^1.1.2":
  "integrity" "sha1-DnNQrN7ICxEIUoeG7B1EGNEbOW0="
  "resolved" "https://zhcoder-npm.pkg.coding.net/coder/npm-pub/select/-/select-1.1.2/0e7350acdec80b1108528786ec1d4418d11b396d.tgz"
  "version" "1.1.2"

"semver@^7.3.7":
  "integrity" "sha512-QlYTucUYOews+WeEujDoEGziz4K6c47V/Bd+LjSSYcA94p+DmINdf7ncaUinThfvZyu13lN9OY1XDxt8C0Tw0g=="
  "resolved" "https://zhcoder-npm.pkg.coding.net/coder/npm-pub/semver/-/semver-7.3.7/12c5b649afdbf9049707796e22a4028814ce523f.tgz"
  "version" "7.3.7"
  dependencies:
    "lru-cache" "^6.0.0"

"shallow-equal@^1.0.0":
  "integrity" "sha512-S4vJDjHHMBaiZuT9NPb616CSmLf618jawtv3sufLl6ivK8WocjAo58cXwbRV1cgqxH0Qbv+iUt6m05eqEa2IRA=="
  "resolved" "https://zhcoder-npm.pkg.coding.net/coder/npm-pub/shallow-equal/-/shallow-equal-1.2.1/4c16abfa56043aa20d050324efa68940b0da79da.tgz"
  "version" "1.2.1"

"source-map-js@^1.0.2":
  "integrity" "sha512-R0XvVJ9WusLiqTCEiGCmICCMplcCkIwwR11mOSD9CR5u+IXYdiseeEuXCVAjS54zqwkLcPNnmU4OeJ6tUrWhDw=="
  "resolved" "https://zhcoder-npm.pkg.coding.net/coder/npm-pub/source-map-js/-/source-map-js-1.0.2/adbc361d9c62df380125e7f161f71c826f1e490c.tgz"
  "version" "1.0.2"

"source-map@^0.6.1":
  "integrity" "sha512-UjgapumWlbMhkBgzT7Ykc5YXUT46F0iKu8SGXq0bcwP5dz/h0Plj6enJqjz1Zbq2l5WaqYnrVbwWOWMyF3F47g=="
  "resolved" "https://zhcoder-npm.pkg.coding.net/coder/npm-pub/source-map/-/source-map-0.6.1/74722af32e9614e9c287a8d0bbde48b5e2f1a263.tgz"
  "version" "0.6.1"

"sourcemap-codec@^1.4.8":
  "integrity" "sha512-9NykojV5Uih4lgo5So5dtw+f0JgJX30KCNI8gwhz2J9A15wD0Ml6tjHKwf6fTSa6fAdVBdZeNOs9eJ71qCk8vA=="
  "resolved" "https://zhcoder-npm.pkg.coding.net/coder/npm-pub/sourcemap-codec/-/sourcemap-codec-1.4.8/ea804bd94857402e6992d05a38ef1ae35a9ab4c4.tgz"
  "version" "1.4.8"

"supports-preserve-symlinks-flag@^1.0.0":
  "integrity" "sha512-ot0WnXS9fgdkgIcePe6RHNk1WA8+muPa6cSjeR3V8K27q9BB1rTE3R1p7Hv0z1ZyAc8s6Vvv8DIyWf681MAt0w=="
  "resolved" "https://zhcoder-npm.pkg.coding.net/coder/npm-pub/supports-preserve-symlinks-flag/-/supports-preserve-symlinks-flag-1.0.0/6eda4bd344a3c94aea376d4cc31bc77311039e09.tgz"
  "version" "1.0.0"

"tiny-emitter@^2.0.0":
  "integrity" "sha512-NB6Dk1A9xgQPMoGqC5CVXn123gWyte215ONT5Pp5a0yt4nlEoO1ZWeCwpncaekPHXO60i47ihFnZPiRPjRMq4Q=="
  "resolved" "https://zhcoder-npm.pkg.coding.net/coder/npm-pub/tiny-emitter/-/tiny-emitter-2.1.0/1d1a56edfc51c43e863cbb5382a72330e3555423.tgz"
  "version" "2.1.0"

"typescript@*", "typescript@^4.6.4":
  "integrity" "sha512-C0I1UsrrDHo2fYI5oaCGbSejwX4ch+9Y5jTQELvovfmFkK3HHSZJB8MSJcWLmCUBzQBchCrZ9rMRV6GuNrvGtw=="
  "resolved" "https://zhcoder-npm.pkg.coding.net/coder/npm-pub/__tarballs/typescript/4.8.2/__path/typescript/-/typescript-4.8.2/e3b33d5ccfb5914e4eeab6699cf208adee3fd790.tgz"
  "version" "4.8.2"

"vite@^3.0.0", "vite@^3.0.7":
  "integrity" "sha512-waYABTM+G6DBTCpYAxvevpG50UOlZuynR0ckTK5PawNVt7ebX6X7wNXHaGIO6wYYFXSM7/WcuFuO2QzhBB6aMw=="
  "resolved" "https://zhcoder-npm.pkg.coding.net/coder/npm-pub/__tarballs/vite/3.0.9/__path/vite/-/vite-3.0.9/45fac22c2a5290a970f23d66c1aef56a04be8a30.tgz"
  "version" "3.0.9"
  dependencies:
    "esbuild" "^0.14.47"
    "postcss" "^8.4.16"
    "resolve" "^1.22.1"
    "rollup" ">=2.75.6 <2.77.0 || ~2.77.0"
  optionalDependencies:
    "fsevents" "~2.3.2"

"vue-clipboard3@^1.0.1":
  "integrity" "sha512-iJ2vrizowfA73W3pcxMAKhYSvfekJrQ3FhbveVe9esS1Vfu+xW3Fgc0UKE8N4Q6DyRtcAoNlef8txmD8tK8dIg=="
  "resolved" "https://zhcoder-npm.pkg.coding.net/coder/npm-pub/vue-clipboard3/-/vue-clipboard3-1.0.1/39e31fbf41f11d3701b3372e38a7fb83b484796a.tgz"
  "version" "1.0.1"
  dependencies:
    "clipboard" "^2.0.6"

"vue-clipboard3@^2.0.0":
  "integrity" "sha512-Q9S7dzWGax7LN5iiSPcu/K1GGm2gcBBlYwmMsUc5/16N6w90cbKow3FnPmPs95sungns4yvd9/+JhbAznECS2A=="
  "resolved" "https://zhcoder-npm.pkg.coding.net/coder/npm-pub/vue-clipboard3/-/vue-clipboard3-2.0.0/79b026c765c0f6a5cde18a477c2dbfc7d3b9f178.tgz"
  "version" "2.0.0"
  dependencies:
    "clipboard" "^2.0.6"

"vue-router@^4.1.5":
  "integrity" "sha512-IsvoF5D2GQ/EGTs/Th4NQms9gd2NSqV+yylxIyp/OYp8xOwxmU8Kj/74E9DTSYAyH5LX7idVUngN3JSj1X4xcQ=="
  "resolved" "https://zhcoder-npm.pkg.coding.net/coder/npm-pub/__tarballs/vue-router/4.1.5/__path/vue-router/-/vue-router-4.1.5/256f597e3f5a281a23352a6193aa6e342c8d9f9a.tgz"
  "version" "4.1.5"
  dependencies:
    "@vue/devtools-api" "^6.1.4"

"vue-tsc@^0.39.5":
  "integrity" "sha512-jhTsrKhZkafpIeN4Cbhr1K53hNfa/oesSrlh7hUaeHyCk55VhZT6oJkwJbtqN4MYkWZIwPrm3/xTwsELuf2ocg=="
  "resolved" "https://zhcoder-npm.pkg.coding.net/coder/npm-pub/__tarballs/vue-tsc/0.39.5/__path/vue-tsc/-/vue-tsc-0.39.5/0b75f5c3574b70fb448982702db2aa532a7fad6e.tgz"
  "version" "0.39.5"
  dependencies:
    "@volar/vue-language-core" "0.39.5"
    "@volar/vue-typescript" "0.39.5"

"vue-types@^3.0.0":
  "integrity" "sha512-IwUC0Aq2zwaXqy74h4WCvFCUtoV0iSWr0snWnE9TnU18S66GAQyqQbRf2qfJtUuiFsBf6qp0MEwdonlwznlcrw=="
  "resolved" "https://zhcoder-npm.pkg.coding.net/coder/npm-pub/vue-types/-/vue-types-3.0.2/ec16e05d412c038262fc1efa4ceb9647e7fb601d.tgz"
  "version" "3.0.2"
  dependencies:
    "is-plain-object" "3.0.1"

"vue@^3.0.0", "vue@^3.2.0", "vue@^3.2.13", "vue@^3.2.25", "vue@^3.2.37", "vue@>=3.0.3", "vue@>=3.1.0", "vue@>=3.2.0", "vue@3.2.38":
  "integrity" "sha512-hHrScEFSmDAWL0cwO4B6WO7D3sALZPbfuThDsGBebthrNlDxdJZpGR3WB87VbjpPh96mep1+KzukYEhpHDFa8Q=="
  "resolved" "https://zhcoder-npm.pkg.coding.net/coder/npm-pub/__tarballs/vue/3.2.38/__path/vue/-/vue-3.2.38/cda3a414631745b194971219318a792dbbccdec0.tgz"
  "version" "3.2.38"
  dependencies:
    "@vue/compiler-dom" "3.2.38"
    "@vue/compiler-sfc" "3.2.38"
    "@vue/runtime-dom" "3.2.38"
    "@vue/server-renderer" "3.2.38"
    "@vue/shared" "3.2.38"

"warning@^4.0.0":
  "integrity" "sha512-rpJyN222KWIvHJ/F53XSZv0Zl/accqHR8et1kpaMTD/fLCRxtV8iX8czMzY7sVZupTI3zcUTg8eycS2kNF9l6w=="
  "resolved" "https://zhcoder-npm.pkg.coding.net/coder/npm-pub/warning/-/warning-4.0.3/16e9e077eb8a86d6af7d64aa1e05fd85b4678ca3.tgz"
  "version" "4.0.3"
  dependencies:
    "loose-envify" "^1.0.0"

"yallist@^4.0.0":
  "integrity" "sha512-3wdGidZyq5PB084XLES5TpOSRA3wjXAlIWMhum2kRcv/41Sn2emQ0dycQW4uZXLejwKvg6EsvbdlVL+FYEct7A=="
  "resolved" "https://zhcoder-npm.pkg.coding.net/coder/npm-pub/yallist/-/yallist-4.0.0/9bb92790d9c0effec63be73519e11a35019a3a72.tgz"
  "version" "4.0.0"
